# This file is autogenerated, do not edit; changes may be undone by the next 'dep ensure'.


[[projects]]
  branch = "master"
  digest = "1:4b08116de0de75c041bb341686f0b139930f26cb84dfdf7641d435548114181d"
  name = "github.com/globalsign/mgo"
  packages = [
    ".",
    "bson",
    "internal/json",
    "internal/sasl",
    "internal/scram",
  ]
  pruneopts = "UT"
  revision = "6f9f54af1356a8f1a83e6daf0b351ba6ed6e42c6"

[[projects]]
  digest = "1:02bac7bfd3bf25d03cdcf343a7054e04c1149e11e62c443f602538adc529d714"
  name = "goji.io"
  packages = [
    ".",
    "internal",
    "pat",
    "pattern",
  ]
  pruneopts = "UT"
  revision = "0d89ff54b2c18c9c4ba530e32496aef902d3c6cd"
  version = "v2.0"

[solve-meta]
  analyzer-name = "dep"
  analyzer-version = 1
  input-imports = [
    "github.com/globalsign/mgo",
    "github.com/globalsign/mgo/bson",
    "goji.io",
    "goji.io/pat",
  ]
  solver-name = "gps-cdcl"
  solver-version = 1
